
Microsoft Visual Studio Solution File, Format Version 12.00
# Visual Studio Version 16
VisualStudioVersion = 16.0.29709.97
MinimumVisualStudioVersion = 10.0.40219.1
Project("{9A19103F-16F7-4668-BE54-9A1E7A4F7556}") = "AccessLayerMdS.Models", "AccessLayerMdS.Models\AccessLayerMdS.Models.csproj", "{D1B93A5A-04CD-4544-87E3-AA52F6DC4AF3}"
EndProject
Project("{9A19103F-16F7-4668-BE54-9A1E7A4F7556}") = "AccessLayerMdS.Core", "AccessLayerMdS.Core\AccessLayerMdS.Core.csproj", "{070FBE88-B795-42B8-AF70-8F3B741A2D97}"
EndProject
Global
	GlobalSection(SolutionConfigurationPlatforms) = preSolution
		Debug|Any CPU = Debug|Any CPU
		Release|Any CPU = Release|Any CPU
	EndGlobalSection
	GlobalSection(ProjectConfigurationPlatforms) = postSolution
		{D1B93A5A-04CD-4544-87E3-AA52F6DC4AF3}.Debug|Any CPU.ActiveCfg = Debug|Any CPU
		{D1B93A5A-04CD-4544-87E3-AA52F6DC4AF3}.Debug|Any CPU.Build.0 = Debug|Any CPU
		{D1B93A5A-04CD-4544-87E3-AA52F6DC4AF3}.Release|Any CPU.ActiveCfg = Release|Any CPU
		{D1B93A5A-04CD-4544-87E3-AA52F6DC4AF3}.Release|Any CPU.Build.0 = Release|Any CPU
		{070FBE88-B795-42B8-AF70-8F3B741A2D97}.Debug|Any CPU.ActiveCfg = Debug|Any CPU
		{070FBE88-B795-42B8-AF70-8F3B741A2D97}.Debug|Any CPU.Build.0 = Debug|Any CPU
		{070FBE88-B795-42B8-AF70-8F3B741A2D97}.Release|Any CPU.ActiveCfg = Release|Any CPU
		{070FBE88-B795-42B8-AF70-8F3B741A2D97}.Release|Any CPU.Build.0 = Release|Any CPU
	EndGlobalSection
	GlobalSection(SolutionProperties) = preSolution
		HideSolutionNode = FALSE
	EndGlobalSection
	GlobalSection(ExtensibilityGlobals) = postSolution
		SolutionGuid = {C9778A61-DBBA-4509-A196-5152C75721D4}
	EndGlobalSection
EndGlobal
